
Microsoft Visual Studio Solution File, Format Version 12.00
# Visual Studio Version 17
VisualStudioVersion = 17.0.31903.59
MinimumVisualStudioVersion = 10.0.40219.1
Project("{2150E333-8FDC-42A3-9474-1A3956D46DE8}") = "Semester-5", "Semester-5", "{4E7384E4-245A-4182-6903-7C48A46EEC60}"
EndProject
Project("{2150E333-8FDC-42A3-9474-1A3956D46DE8}") = "C Sharp", "C Sharp", "{B91E9A7B-453E-0B55-A6FD-2084A8BF73CE}"
EndProject
Project("{2150E333-8FDC-42A3-9474-1A3956D46DE8}") = "Lab Exercise - 4 & 5", "Lab Exercise - 4 & 5", "{4A724A37-E54F-3950-85C0-A102B622195F}"
EndProject
Project("{FAE04EC0-301F-11D3-BF4B-00C04F79EFBC}") = "Task-11", "Semester-5\C Sharp\Lab Exercise - 4 & 5\Task-11\Task-11.csproj", "{7A64BABE-768D-4391-A99A-E8013FA0F001}"
EndProject
Project("{FAE04EC0-301F-11D3-BF4B-00C04F79EFBC}") = "Task-12", "Semester-5\C Sharp\Lab Exercise - 4 & 5\Task-12\Task-12.csproj", "{C01A9CA8-5721-4B74-A07C-F99C629E5059}"
EndProject
Global
	GlobalSection(SolutionConfigurationPlatforms) = preSolution
		Debug|Any CPU = Debug|Any CPU
		Debug|x64 = Debug|x64
		Debug|x86 = Debug|x86
		Release|Any CPU = Release|Any CPU
		Release|x64 = Release|x64
		Release|x86 = Release|x86
	EndGlobalSection
	GlobalSection(ProjectConfigurationPlatforms) = postSolution
		{7A64BABE-768D-4391-A99A-E8013FA0F001}.Debug|Any CPU.ActiveCfg = Debug|Any CPU
		{7A64BABE-768D-4391-A99A-E8013FA0F001}.Debug|Any CPU.Build.0 = Debug|Any CPU
		{7A64BABE-768D-4391-A99A-E8013FA0F001}.Debug|x64.ActiveCfg = Debug|Any CPU
		{7A64BABE-768D-4391-A99A-E8013FA0F001}.Debug|x64.Build.0 = Debug|Any CPU
		{7A64BABE-768D-4391-A99A-E8013FA0F001}.Debug|x86.ActiveCfg = Debug|Any CPU
		{7A64BABE-768D-4391-A99A-E8013FA0F001}.Debug|x86.Build.0 = Debug|Any CPU
		{7A64BABE-768D-4391-A99A-E8013FA0F001}.Release|Any CPU.ActiveCfg = Release|Any CPU
		{7A64BABE-768D-4391-A99A-E8013FA0F001}.Release|Any CPU.Build.0 = Release|Any CPU
		{7A64BABE-768D-4391-A99A-E8013FA0F001}.Release|x64.ActiveCfg = Release|Any CPU
		{7A64BABE-768D-4391-A99A-E8013FA0F001}.Release|x64.Build.0 = Release|Any CPU
		{7A64BABE-768D-4391-A99A-E8013FA0F001}.Release|x86.ActiveCfg = Release|Any CPU
		{7A64BABE-768D-4391-A99A-E8013FA0F001}.Release|x86.Build.0 = Release|Any CPU
		{C01A9CA8-5721-4B74-A07C-F99C629E5059}.Debug|Any CPU.ActiveCfg = Debug|Any CPU
		{C01A9CA8-5721-4B74-A07C-F99C629E5059}.Debug|Any CPU.Build.0 = Debug|Any CPU
		{C01A9CA8-5721-4B74-A07C-F99C629E5059}.Debug|x64.ActiveCfg = Debug|Any CPU
		{C01A9CA8-5721-4B74-A07C-F99C629E5059}.Debug|x64.Build.0 = Debug|Any CPU
		{C01A9CA8-5721-4B74-A07C-F99C629E5059}.Debug|x86.ActiveCfg = Debug|Any CPU
		{C01A9CA8-5721-4B74-A07C-F99C629E5059}.Debug|x86.Build.0 = Debug|Any CPU
		{C01A9CA8-5721-4B74-A07C-F99C629E5059}.Release|Any CPU.ActiveCfg = Release|Any CPU
		{C01A9CA8-5721-4B74-A07C-F99C629E5059}.Release|Any CPU.Build.0 = Release|Any CPU
		{C01A9CA8-5721-4B74-A07C-F99C629E5059}.Release|x64.ActiveCfg = Release|Any CPU
		{C01A9CA8-5721-4B74-A07C-F99C629E5059}.Release|x64.Build.0 = Release|Any CPU
		{C01A9CA8-5721-4B74-A07C-F99C629E5059}.Release|x86.ActiveCfg = Release|Any CPU
		{C01A9CA8-5721-4B74-A07C-F99C629E5059}.Release|x86.Build.0 = Release|Any CPU
	EndGlobalSection
	GlobalSection(SolutionProperties) = preSolution
		HideSolutionNode = FALSE
	EndGlobalSection
	GlobalSection(NestedProjects) = preSolution
		{B91E9A7B-453E-0B55-A6FD-2084A8BF73CE} = {4E7384E4-245A-4182-6903-7C48A46EEC60}
		{4A724A37-E54F-3950-85C0-A102B622195F} = {B91E9A7B-453E-0B55-A6FD-2084A8BF73CE}
		{7A64BABE-768D-4391-A99A-E8013FA0F001} = {4A724A37-E54F-3950-85C0-A102B622195F}
		{C01A9CA8-5721-4B74-A07C-F99C629E5059} = {4A724A37-E54F-3950-85C0-A102B622195F}
	EndGlobalSection
EndGlobal
