
Microsoft Visual Studio Solution File, Format Version 12.00
# Visual Studio Version 16
VisualStudioVersion = 25.0.1706.14
MinimumVisualStudioVersion = 10.0.40219.1
Project("{FAE04EC0-301F-11D3-BF4B-00C04F79EFBC}") = "Understanding Namespace - 3.1", "Understanding Namespace - 3.1.csproj", "{B615FC6D-9A32-4C9B-BC0E-8479750BE42C}"
EndProject
Global
	GlobalSection(SolutionConfigurationPlatforms) = preSolution
		Debug|Any CPU = Debug|Any CPU
		Release|Any CPU = Release|Any CPU
	EndGlobalSection
	GlobalSection(ProjectConfigurationPlatforms) = postSolution
		{B615FC6D-9A32-4C9B-BC0E-8479750BE42C}.Debug|Any CPU.ActiveCfg = Debug|Any CPU
		{B615FC6D-9A32-4C9B-BC0E-8479750BE42C}.Debug|Any CPU.Build.0 = Debug|Any CPU
		{B615FC6D-9A32-4C9B-BC0E-8479750BE42C}.Release|Any CPU.ActiveCfg = Release|Any CPU
		{B615FC6D-9A32-4C9B-BC0E-8479750BE42C}.Release|Any CPU.Build.0 = Release|Any CPU
	EndGlobalSection
	GlobalSection(SolutionProperties) = preSolution
		HideSolutionNode = FALSE
	EndGlobalSection
	GlobalSection(ExtensibilityGlobals) = postSolution
		SolutionGuid = {BFDA0275-E9A8-49B4-9156-47B00BD4E804}
	EndGlobalSection
EndGlobal
