
Microsoft Visual Studio Solution File, Format Version 12.00
# Visual Studio Version 16
VisualStudioVersion = 25.0.1706.14
MinimumVisualStudioVersion = 10.0.40219.1
Project("{FAE04EC0-301F-11D3-BF4B-00C04F79EFBC}") = "Task-2", "Task-2.csproj", "{C7B47ECC-C583-44FD-9B2D-2961A0998206}"
EndProject
Global
	GlobalSection(SolutionConfigurationPlatforms) = preSolution
		Debug|Any CPU = Debug|Any CPU
		Release|Any CPU = Release|Any CPU
	EndGlobalSection
	GlobalSection(ProjectConfigurationPlatforms) = postSolution
		{C7B47ECC-C583-44FD-9B2D-2961A0998206}.Debug|Any CPU.ActiveCfg = Debug|Any CPU
		{C7B47ECC-C583-44FD-9B2D-2961A0998206}.Debug|Any CPU.Build.0 = Debug|Any CPU
		{C7B47ECC-C583-44FD-9B2D-2961A0998206}.Release|Any CPU.ActiveCfg = Release|Any CPU
		{C7B47ECC-C583-44FD-9B2D-2961A0998206}.Release|Any CPU.Build.0 = Release|Any CPU
	EndGlobalSection
	GlobalSection(SolutionProperties) = preSolution
		HideSolutionNode = FALSE
	EndGlobalSection
	GlobalSection(ExtensibilityGlobals) = postSolution
		SolutionGuid = {92A9472F-1B1B-45A3-88AE-68E2BF79086E}
	EndGlobalSection
EndGlobal
