
Microsoft Visual Studio Solution File, Format Version 12.00
# Visual Studio Version 16
VisualStudioVersion = 16.0.33328.57
MinimumVisualStudioVersion = 10.0.40219.1
Project("{FAE04EC0-301F-11D3-BF4B-00C04F79EFBC}") = "Task-5", "Task-5.csproj", "{51175A40-097E-4737-BA0F-BC029C62A31D}"
EndProject
Global
	GlobalSection(SolutionConfigurationPlatforms) = preSolution
		Debug|Any CPU = Debug|Any CPU
		Release|Any CPU = Release|Any CPU
	EndGlobalSection
	GlobalSection(ProjectConfigurationPlatforms) = postSolution
		{51175A40-097E-4737-BA0F-BC029C62A31D}.Debug|Any CPU.ActiveCfg = Debug|Any CPU
		{51175A40-097E-4737-BA0F-BC029C62A31D}.Debug|Any CPU.Build.0 = Debug|Any CPU
		{51175A40-097E-4737-BA0F-BC029C62A31D}.Release|Any CPU.ActiveCfg = Release|Any CPU
		{51175A40-097E-4737-BA0F-BC029C62A31D}.Release|Any CPU.Build.0 = Release|Any CPU
	EndGlobalSection
	GlobalSection(SolutionProperties) = preSolution
		HideSolutionNode = FALSE
	EndGlobalSection
	GlobalSection(ExtensibilityGlobals) = postSolution
		SolutionGuid = {7719CED4-C40F-4A02-911C-B6DA41E14597}
	EndGlobalSection
EndGlobal
